
Microsoft Visual Studio Solution File, Format Version 12.00
# Visual Studio Version 17
VisualStudioVersion = 17.5.002.0
MinimumVisualStudioVersion = 10.0.40219.1
Project("{9A19103F-16F7-4668-BE54-9A1E7A4F7556}") = "score-after-flipping-matrix", "score-after-flipping-matrix\score-after-flipping-matrix.csproj", "{1FB3AAB2-EB70-43F9-87FF-04DBDA5D76E5}"
EndProject
Global
	GlobalSection(SolutionConfigurationPlatforms) = preSolution
		Debug|Any CPU = Debug|Any CPU
		Release|Any CPU = Release|Any CPU
	EndGlobalSection
	GlobalSection(ProjectConfigurationPlatforms) = postSolution
		{1FB3AAB2-EB70-43F9-87FF-04DBDA5D76E5}.Debug|Any CPU.ActiveCfg = Debug|Any CPU
		{1FB3AAB2-EB70-43F9-87FF-04DBDA5D76E5}.Debug|Any CPU.Build.0 = Debug|Any CPU
		{1FB3AAB2-EB70-43F9-87FF-04DBDA5D76E5}.Release|Any CPU.ActiveCfg = Release|Any CPU
		{1FB3AAB2-EB70-43F9-87FF-04DBDA5D76E5}.Release|Any CPU.Build.0 = Release|Any CPU
	EndGlobalSection
	GlobalSection(SolutionProperties) = preSolution
		HideSolutionNode = FALSE
	EndGlobalSection
	GlobalSection(ExtensibilityGlobals) = postSolution
		SolutionGuid = {1119B304-DA62-4521-8C0A-8C7FB646278A}
	EndGlobalSection
EndGlobal
